github.com/unidoc/unioffice v1.3.0 h1:wlRqpkdv7l61fl8Z+1lpScSShmKpZ/IwQI+dk/F6oXM=
github.com/unidoc/unioffice v1.3.0/go.mod h1:w96hj0WDRaikkRdFxQsmyLUdLOusl0yPDU/FMQfcWbM=
github.com/unidoc/unioffice v1.4.0 h1:yl+TbZJu2GTVYAYvu51wppj0R+fPC67xzVcy91qgrzI=
github.com/unidoc/unioffice v1.4.0/go.mod h1:7wl8btOkZW1TfqfpDWoujRXkUpowwisGRYDo7COHBiI=
